// !$*UTF8*$!
{
	archiveVersion = 1;
	classes = {
	};
	objectVersion = 50;
	objects = {

/* Begin PBXBuildFile section */
		7A2B003E25E2E18200D253BD /* AppDelegate.swift in Sources */ = {isa = PBXBuildFile; fileRef = 7A2B003D25E2E18200D253BD /* AppDelegate.swift */; };
		7A2B004025E2E18200D253BD /* SceneDelegate.swift in Sources */ = {isa = PBXBuildFile; fileRef = 7A2B003F25E2E18200D253BD /* SceneDelegate.swift */; };
		7A2B004225E2E18200D253BD /* HomeController.swift in Sources */ = {isa = PBXBuildFile; fileRef = 7A2B004125E2E18200D253BD /* HomeController.swift */; };
		7A2B004725E2E18700D253BD /* Assets.xcassets in Resources */ = {isa = PBXBuildFile; fileRef = 7A2B004625E2E18700D253BD /* Assets.xcassets */; };
		7A2B004A25E2E18700D253BD /* LaunchScreen.storyboard in Resources */ = {isa = PBXBuildFile; fileRef = 7A2B004825E2E18700D253BD /* LaunchScreen.storyboard */; };
		7A2B007725E300EA00D253BD /* HomeViewModel.swift in Sources */ = {isa = PBXBuildFile; fileRef = 7A2B007625E300EA00D253BD /* HomeViewModel.swift */; };
		7A2B007B25E300F500D253BD /* HomeCoordinator.swift in Sources */ = {isa = PBXBuildFile; fileRef = 7A2B007A25E300F500D253BD /* HomeCoordinator.swift */; };
		7A2B007E25E300FE00D253BD /* HomeAssembler.swift in Sources */ = {isa = PBXBuildFile; fileRef = 7A2B007D25E300FE00D253BD /* HomeAssembler.swift */; };
		7A2B008225E3016300D253BD /* FavoriteController.swift in Sources */ = {isa = PBXBuildFile; fileRef = 7A2B008125E3016300D253BD /* FavoriteController.swift */; };
		7A2B008625E3016C00D253BD /* FavoriteAssembler.swift in Sources */ = {isa = PBXBuildFile; fileRef = 7A2B008525E3016C00D253BD /* FavoriteAssembler.swift */; };
		7A2B008925E3017400D253BD /* FavoriteCoordinator.swift in Sources */ = {isa = PBXBuildFile; fileRef = 7A2B008825E3017400D253BD /* FavoriteCoordinator.swift */; };
		7A2B008C25E3017B00D253BD /* FavoriteViewModel.swift in Sources */ = {isa = PBXBuildFile; fileRef = 7A2B008B25E3017B00D253BD /* FavoriteViewModel.swift */; };
		7A2B009025E301A100D253BD /* DetailsController.swift in Sources */ = {isa = PBXBuildFile; fileRef = 7A2B008F25E301A100D253BD /* DetailsController.swift */; };
		7A2B009425E301A700D253BD /* DetailsAssembler.swift in Sources */ = {isa = PBXBuildFile; fileRef = 7A2B009325E301A700D253BD /* DetailsAssembler.swift */; };
		7A2B009725E301AE00D253BD /* DetailsCoordinator.swift in Sources */ = {isa = PBXBuildFile; fileRef = 7A2B009625E301AE00D253BD /* DetailsCoordinator.swift */; };
		7A2B009A25E301B700D253BD /* DetailsViewModel.swift in Sources */ = {isa = PBXBuildFile; fileRef = 7A2B009925E301B700D253BD /* DetailsViewModel.swift */; };
		7A68A41E25E84334007B6B37 /* Coordinator.swift in Sources */ = {isa = PBXBuildFile; fileRef = 7A68A41D25E84333007B6B37 /* Coordinator.swift */; };
		7A68A42125E8438B007B6B37 /* AppCoordinator.swift in Sources */ = {isa = PBXBuildFile; fileRef = 7A68A42025E8438B007B6B37 /* AppCoordinator.swift */; };
		7A68A42525E8457F007B6B37 /* Assembler.swift in Sources */ = {isa = PBXBuildFile; fileRef = 7A68A42425E8457F007B6B37 /* Assembler.swift */; };
		7A68A42C25E84B24007B6B37 /* Constants.swift in Sources */ = {isa = PBXBuildFile; fileRef = 7A68A42B25E84B24007B6B37 /* Constants.swift */; };
		7A68A43925E84F8A007B6B37 /* HomeRepository.swift in Sources */ = {isa = PBXBuildFile; fileRef = 7A68A43825E84F8A007B6B37 /* HomeRepository.swift */; };
		7A68A43C25E84FDB007B6B37 /* NetworkManager.swift in Sources */ = {isa = PBXBuildFile; fileRef = 7A68A43B25E84FDB007B6B37 /* NetworkManager.swift */; };
		7A68A43F25E85150007B6B37 /* StorageManager.swift in Sources */ = {isa = PBXBuildFile; fileRef = 7A68A43E25E85150007B6B37 /* StorageManager.swift */; };
		7A952D4125EA8E6B00D4A2F6 /* HTTPMethod.swift in Sources */ = {isa = PBXBuildFile; fileRef = 7A952D4025EA8E6B00D4A2F6 /* HTTPMethod.swift */; };
		7A952D4425EA8E7D00D4A2F6 /* EndPointType.swift in Sources */ = {isa = PBXBuildFile; fileRef = 7A952D4325EA8E7D00D4A2F6 /* EndPointType.swift */; };
		7A952D4725EBE0DC00D4A2F6 /* AuthorizationType.swift in Sources */ = {isa = PBXBuildFile; fileRef = 7A952D4625EBE0DC00D4A2F6 /* AuthorizationType.swift */; };
		7AC40DBF25E392F400FD4E60 /* RequestItem.swift in Sources */ = {isa = PBXBuildFile; fileRef = 7AC40DBE25E392F400FD4E60 /* RequestItem.swift */; };
/* End PBXBuildFile section */

/* Begin PBXFileReference section */
		7A2B003A25E2E18200D253BD /* The Movie DB.app */ = {isa = PBXFileReference; explicitFileType = wrapper.application; includeInIndex = 0; path = "The Movie DB.app"; sourceTree = BUILT_PRODUCTS_DIR; };
		7A2B003D25E2E18200D253BD /* AppDelegate.swift */ = {isa = PBXFileReference; lastKnownFileType = sourcecode.swift; path = AppDelegate.swift; sourceTree = "<group>"; };
		7A2B003F25E2E18200D253BD /* SceneDelegate.swift */ = {isa = PBXFileReference; lastKnownFileType = sourcecode.swift; path = SceneDelegate.swift; sourceTree = "<group>"; };
		7A2B004125E2E18200D253BD /* HomeController.swift */ = {isa = PBXFileReference; lastKnownFileType = sourcecode.swift; path = HomeController.swift; sourceTree = "<group>"; };
		7A2B004625E2E18700D253BD /* Assets.xcassets */ = {isa = PBXFileReference; lastKnownFileType = folder.assetcatalog; path = Assets.xcassets; sourceTree = "<group>"; };
		7A2B004925E2E18700D253BD /* Base */ = {isa = PBXFileReference; lastKnownFileType = file.storyboard; name = Base; path = Base.lproj/LaunchScreen.storyboard; sourceTree = "<group>"; };
		7A2B004B25E2E18700D253BD /* Info.plist */ = {isa = PBXFileReference; lastKnownFileType = text.plist.xml; path = Info.plist; sourceTree = "<group>"; };
		7A2B007625E300EA00D253BD /* HomeViewModel.swift */ = {isa = PBXFileReference; lastKnownFileType = sourcecode.swift; path = HomeViewModel.swift; sourceTree = "<group>"; };
		7A2B007A25E300F500D253BD /* HomeCoordinator.swift */ = {isa = PBXFileReference; lastKnownFileType = sourcecode.swift; path = HomeCoordinator.swift; sourceTree = "<group>"; };
		7A2B007D25E300FE00D253BD /* HomeAssembler.swift */ = {isa = PBXFileReference; lastKnownFileType = sourcecode.swift; path = HomeAssembler.swift; sourceTree = "<group>"; };
		7A2B008125E3016300D253BD /* FavoriteController.swift */ = {isa = PBXFileReference; lastKnownFileType = sourcecode.swift; path = FavoriteController.swift; sourceTree = "<group>"; };
		7A2B008525E3016C00D253BD /* FavoriteAssembler.swift */ = {isa = PBXFileReference; lastKnownFileType = sourcecode.swift; path = FavoriteAssembler.swift; sourceTree = "<group>"; };
		7A2B008825E3017400D253BD /* FavoriteCoordinator.swift */ = {isa = PBXFileReference; lastKnownFileType = sourcecode.swift; path = FavoriteCoordinator.swift; sourceTree = "<group>"; };
		7A2B008B25E3017B00D253BD /* FavoriteViewModel.swift */ = {isa = PBXFileReference; lastKnownFileType = sourcecode.swift; path = FavoriteViewModel.swift; sourceTree = "<group>"; };
		7A2B008F25E301A100D253BD /* DetailsController.swift */ = {isa = PBXFileReference; lastKnownFileType = sourcecode.swift; path = DetailsController.swift; sourceTree = "<group>"; };
		7A2B009325E301A700D253BD /* DetailsAssembler.swift */ = {isa = PBXFileReference; lastKnownFileType = sourcecode.swift; path = DetailsAssembler.swift; sourceTree = "<group>"; };
		7A2B009625E301AE00D253BD /* DetailsCoordinator.swift */ = {isa = PBXFileReference; lastKnownFileType = sourcecode.swift; path = DetailsCoordinator.swift; sourceTree = "<group>"; };
		7A2B009925E301B700D253BD /* DetailsViewModel.swift */ = {isa = PBXFileReference; lastKnownFileType = sourcecode.swift; path = DetailsViewModel.swift; sourceTree = "<group>"; };
		7A68A41D25E84333007B6B37 /* Coordinator.swift */ = {isa = PBXFileReference; lastKnownFileType = sourcecode.swift; path = Coordinator.swift; sourceTree = "<group>"; };
		7A68A42025E8438B007B6B37 /* AppCoordinator.swift */ = {isa = PBXFileReference; lastKnownFileType = sourcecode.swift; path = AppCoordinator.swift; sourceTree = "<group>"; };
		7A68A42425E8457F007B6B37 /* Assembler.swift */ = {isa = PBXFileReference; lastKnownFileType = sourcecode.swift; path = Assembler.swift; sourceTree = "<group>"; };
		7A68A42B25E84B24007B6B37 /* Constants.swift */ = {isa = PBXFileReference; lastKnownFileType = sourcecode.swift; path = Constants.swift; sourceTree = "<group>"; };
		7A68A43825E84F8A007B6B37 /* HomeRepository.swift */ = {isa = PBXFileReference; lastKnownFileType = sourcecode.swift; path = HomeRepository.swift; sourceTree = "<group>"; };
		7A68A43B25E84FDB007B6B37 /* NetworkManager.swift */ = {isa = PBXFileReference; lastKnownFileType = sourcecode.swift; path = NetworkManager.swift; sourceTree = "<group>"; };
		7A68A43E25E85150007B6B37 /* StorageManager.swift */ = {isa = PBXFileReference; lastKnownFileType = sourcecode.swift; path = StorageManager.swift; sourceTree = "<group>"; };
		7A952D4025EA8E6B00D4A2F6 /* HTTPMethod.swift */ = {isa = PBXFileReference; lastKnownFileType = sourcecode.swift; path = HTTPMethod.swift; sourceTree = "<group>"; };
		7A952D4325EA8E7D00D4A2F6 /* EndPointType.swift */ = {isa = PBXFileReference; lastKnownFileType = sourcecode.swift; path = EndPointType.swift; sourceTree = "<group>"; };
		7A952D4625EBE0DC00D4A2F6 /* AuthorizationType.swift */ = {isa = PBXFileReference; lastKnownFileType = sourcecode.swift; path = AuthorizationType.swift; sourceTree = "<group>"; };
		7AC40DBE25E392F400FD4E60 /* RequestItem.swift */ = {isa = PBXFileReference; lastKnownFileType = sourcecode.swift; path = RequestItem.swift; sourceTree = "<group>"; };
/* End PBXFileReference section */

/* Begin PBXFrameworksBuildPhase section */
		7A2B003725E2E18200D253BD /* Frameworks */ = {
			isa = PBXFrameworksBuildPhase;
			buildActionMask = 2147483647;
			files = (
			);
			runOnlyForDeploymentPostprocessing = 0;
		};
/* End PBXFrameworksBuildPhase section */

/* Begin PBXGroup section */
		7A2B003125E2E18200D253BD = {
			isa = PBXGroup;
			children = (
				7A2B003C25E2E18200D253BD /* The Movie DB */,
				7A2B003B25E2E18200D253BD /* Products */,
			);
			sourceTree = "<group>";
		};
		7A2B003B25E2E18200D253BD /* Products */ = {
			isa = PBXGroup;
			children = (
				7A2B003A25E2E18200D253BD /* The Movie DB.app */,
			);
			name = Products;
			sourceTree = "<group>";
		};
		7A2B003C25E2E18200D253BD /* The Movie DB */ = {
			isa = PBXGroup;
			children = (
				7A68A43625E84F6E007B6B37 /* Repositories */,
				7A68A42A25E84B1A007B6B37 /* Helpers */,
				7A68A42325E8456E007B6B37 /* DI */,
				7A2B009C25E301DA00D253BD /* Model */,
				7A2B007425E300AE00D253BD /* App */,
				7A2B007325E300A200D253BD /* Coordinator */,
				7A2B007225E3008F00D253BD /* Modules */,
				7A2B004625E2E18700D253BD /* Assets.xcassets */,
				7A2B004825E2E18700D253BD /* LaunchScreen.storyboard */,
				7A2B004B25E2E18700D253BD /* Info.plist */,
			);
			path = "The Movie DB";
			sourceTree = "<group>";
		};
		7A2B007225E3008F00D253BD /* Modules */ = {
			isa = PBXGroup;
			children = (
				7A2B008E25E3019000D253BD /* DetailsModule */,
				7A2B008025E3012100D253BD /* FavoriteModule */,
				7A2B007525E300CA00D253BD /* HomeModule */,
			);
			path = Modules;
			sourceTree = "<group>";
		};
		7A2B007325E300A200D253BD /* Coordinator */ = {
			isa = PBXGroup;
			children = (
				7A68A41D25E84333007B6B37 /* Coordinator.swift */,
				7A68A42025E8438B007B6B37 /* AppCoordinator.swift */,
			);
			path = Coordinator;
			sourceTree = "<group>";
		};
		7A2B007425E300AE00D253BD /* App */ = {
			isa = PBXGroup;
			children = (
				7A2B003D25E2E18200D253BD /* AppDelegate.swift */,
				7A2B003F25E2E18200D253BD /* SceneDelegate.swift */,
			);
			path = App;
			sourceTree = "<group>";
		};
		7A2B007525E300CA00D253BD /* HomeModule */ = {
			isa = PBXGroup;
			children = (
				7A2B007D25E300FE00D253BD /* HomeAssembler.swift */,
				7A2B007A25E300F500D253BD /* HomeCoordinator.swift */,
				7A2B004125E2E18200D253BD /* HomeController.swift */,
				7A2B007625E300EA00D253BD /* HomeViewModel.swift */,
			);
			path = HomeModule;
			sourceTree = "<group>";
		};
		7A2B008025E3012100D253BD /* FavoriteModule */ = {
			isa = PBXGroup;
			children = (
				7A2B008125E3016300D253BD /* FavoriteController.swift */,
				7A2B008525E3016C00D253BD /* FavoriteAssembler.swift */,
				7A2B008825E3017400D253BD /* FavoriteCoordinator.swift */,
				7A2B008B25E3017B00D253BD /* FavoriteViewModel.swift */,
			);
			path = FavoriteModule;
			sourceTree = "<group>";
		};
		7A2B008E25E3019000D253BD /* DetailsModule */ = {
			isa = PBXGroup;
			children = (
				7A2B009325E301A700D253BD /* DetailsAssembler.swift */,
				7A2B009625E301AE00D253BD /* DetailsCoordinator.swift */,
				7A2B008F25E301A100D253BD /* DetailsController.swift */,
				7A2B009925E301B700D253BD /* DetailsViewModel.swift */,
			);
			path = DetailsModule;
			sourceTree = "<group>";
		};
		7A2B009C25E301DA00D253BD /* Model */ = {
			isa = PBXGroup;
			children = (
				7A2B009E25E301F100D253BD /* Networking */,
				7A2B009D25E301E600D253BD /* Storage */,
			);
			path = Model;
			sourceTree = "<group>";
		};
		7A2B009D25E301E600D253BD /* Storage */ = {
			isa = PBXGroup;
			children = (
				7A68A43E25E85150007B6B37 /* StorageManager.swift */,
			);
			path = Storage;
			sourceTree = "<group>";
		};
		7A2B009E25E301F100D253BD /* Networking */ = {
			isa = PBXGroup;
			children = (
				7AC40DBE25E392F400FD4E60 /* RequestItem.swift */,
				7A952D4325EA8E7D00D4A2F6 /* EndPointType.swift */,
				7A68A43B25E84FDB007B6B37 /* NetworkManager.swift */,
				7A952D4025EA8E6B00D4A2F6 /* HTTPMethod.swift */,
				7A952D4625EBE0DC00D4A2F6 /* AuthorizationType.swift */,
			);
			path = Networking;
			sourceTree = "<group>";
		};
		7A68A42325E8456E007B6B37 /* DI */ = {
			isa = PBXGroup;
			children = (
				7A68A42425E8457F007B6B37 /* Assembler.swift */,
			);
			path = DI;
			sourceTree = "<group>";
		};
		7A68A42A25E84B1A007B6B37 /* Helpers */ = {
			isa = PBXGroup;
			children = (
				7A68A42B25E84B24007B6B37 /* Constants.swift */,
			);
			path = Helpers;
			sourceTree = "<group>";
		};
		7A68A43625E84F6E007B6B37 /* Repositories */ = {
			isa = PBXGroup;
			children = (
				7A68A43725E84F78007B6B37 /* HomeRepository */,
			);
			path = Repositories;
			sourceTree = "<group>";
		};
		7A68A43725E84F78007B6B37 /* HomeRepository */ = {
			isa = PBXGroup;
			children = (
				7A68A43825E84F8A007B6B37 /* HomeRepository.swift */,
			);
			path = HomeRepository;
			sourceTree = "<group>";
		};
/* End PBXGroup section */

/* Begin PBXNativeTarget section */
		7A2B003925E2E18200D253BD /* The Movie DB */ = {
			isa = PBXNativeTarget;
			buildConfigurationList = 7A2B004E25E2E18700D253BD /* Build configuration list for PBXNativeTarget "The Movie DB" */;
			buildPhases = (
				7A2B003625E2E18200D253BD /* Sources */,
				7A2B003725E2E18200D253BD /* Frameworks */,
				7A2B003825E2E18200D253BD /* Resources */,
			);
			buildRules = (
			);
			dependencies = (
			);
			name = "The Movie DB";
			productName = "The Movie DB";
			productReference = 7A2B003A25E2E18200D253BD /* The Movie DB.app */;
			productType = "com.apple.product-type.application";
		};
/* End PBXNativeTarget section */

/* Begin PBXProject section */
		7A2B003225E2E18200D253BD /* Project object */ = {
			isa = PBXProject;
			attributes = {
				LastSwiftUpdateCheck = 1220;
				LastUpgradeCheck = 1220;
				TargetAttributes = {
					7A2B003925E2E18200D253BD = {
						CreatedOnToolsVersion = 12.2;
					};
				};
			};
			buildConfigurationList = 7A2B003525E2E18200D253BD /* Build configuration list for PBXProject "The Movie DB" */;
			compatibilityVersion = "Xcode 9.3";
			developmentRegion = en;
			hasScannedForEncodings = 0;
			knownRegions = (
				en,
				Base,
			);
			mainGroup = 7A2B003125E2E18200D253BD;
			productRefGroup = 7A2B003B25E2E18200D253BD /* Products */;
			projectDirPath = "";
			projectRoot = "";
			targets = (
				7A2B003925E2E18200D253BD /* The Movie DB */,
			);
		};
/* End PBXProject section */

/* Begin PBXResourcesBuildPhase section */
		7A2B003825E2E18200D253BD /* Resources */ = {
			isa = PBXResourcesBuildPhase;
			buildActionMask = 2147483647;
			files = (
				7A2B004A25E2E18700D253BD /* LaunchScreen.storyboard in Resources */,
				7A2B004725E2E18700D253BD /* Assets.xcassets in Resources */,
			);
			runOnlyForDeploymentPostprocessing = 0;
		};
/* End PBXResourcesBuildPhase section */

/* Begin PBXSourcesBuildPhase section */
		7A2B003625E2E18200D253BD /* Sources */ = {
			isa = PBXSourcesBuildPhase;
			buildActionMask = 2147483647;
			files = (
				7A68A43925E84F8A007B6B37 /* HomeRepository.swift in Sources */,
				7A68A41E25E84334007B6B37 /* Coordinator.swift in Sources */,
				7A68A42C25E84B24007B6B37 /* Constants.swift in Sources */,
				7A68A43C25E84FDB007B6B37 /* NetworkManager.swift in Sources */,
				7A2B008625E3016C00D253BD /* FavoriteAssembler.swift in Sources */,
				7A68A42125E8438B007B6B37 /* AppCoordinator.swift in Sources */,
				7A2B009425E301A700D253BD /* DetailsAssembler.swift in Sources */,
				7A68A42525E8457F007B6B37 /* Assembler.swift in Sources */,
				7A952D4425EA8E7D00D4A2F6 /* EndPointType.swift in Sources */,
				7A2B009025E301A100D253BD /* DetailsController.swift in Sources */,
				7A2B009725E301AE00D253BD /* DetailsCoordinator.swift in Sources */,
				7A2B004225E2E18200D253BD /* HomeController.swift in Sources */,
				7A2B007E25E300FE00D253BD /* HomeAssembler.swift in Sources */,
				7AC40DBF25E392F400FD4E60 /* RequestItem.swift in Sources */,
				7A68A43F25E85150007B6B37 /* StorageManager.swift in Sources */,
				7A2B003E25E2E18200D253BD /* AppDelegate.swift in Sources */,
				7A2B007B25E300F500D253BD /* HomeCoordinator.swift in Sources */,
				7A2B004025E2E18200D253BD /* SceneDelegate.swift in Sources */,
				7A2B007725E300EA00D253BD /* HomeViewModel.swift in Sources */,
				7A952D4725EBE0DC00D4A2F6 /* AuthorizationType.swift in Sources */,
				7A2B008225E3016300D253BD /* FavoriteController.swift in Sources */,
				7A2B009A25E301B700D253BD /* DetailsViewModel.swift in Sources */,
				7A952D4125EA8E6B00D4A2F6 /* HTTPMethod.swift in Sources */,
				7A2B008C25E3017B00D253BD /* FavoriteViewModel.swift in Sources */,
				7A2B008925E3017400D253BD /* FavoriteCoordinator.swift in Sources */,
			);
			runOnlyForDeploymentPostprocessing = 0;
		};
/* End PBXSourcesBuildPhase section */

/* Begin PBXVariantGroup section */
		7A2B004825E2E18700D253BD /* LaunchScreen.storyboard */ = {
			isa = PBXVariantGroup;
			children = (
				7A2B004925E2E18700D253BD /* Base */,
			);
			name = LaunchScreen.storyboard;
			sourceTree = "<group>";
		};
/* End PBXVariantGroup section */

/* Begin XCBuildConfiguration section */
		7A2B004C25E2E18700D253BD /* Debug */ = {
			isa = XCBuildConfiguration;
			buildSettings = {
				ALWAYS_SEARCH_USER_PATHS = NO;
				CLANG_ANALYZER_NONNULL = YES;
				CLANG_ANALYZER_NUMBER_OBJECT_CONVERSION = YES_AGGRESSIVE;
				CLANG_CXX_LANGUAGE_STANDARD = "gnu++14";
				CLANG_CXX_LIBRARY = "libc++";
				CLANG_ENABLE_MODULES = YES;
				CLANG_ENABLE_OBJC_ARC = YES;
				CLANG_ENABLE_OBJC_WEAK = YES;
				CLANG_WARN_BLOCK_CAPTURE_AUTORELEASING = YES;
				CLANG_WARN_BOOL_CONVERSION = YES;
				CLANG_WARN_COMMA = YES;
				CLANG_WARN_CONSTANT_CONVERSION = YES;
				CLANG_WARN_DEPRECATED_OBJC_IMPLEMENTATIONS = YES;
				CLANG_WARN_DIRECT_OBJC_ISA_USAGE = YES_ERROR;
				CLANG_WARN_DOCUMENTATION_COMMENTS = YES;
				CLANG_WARN_EMPTY_BODY = YES;
				CLANG_WARN_ENUM_CONVERSION = YES;
				CLANG_WARN_INFINITE_RECURSION = YES;
				CLANG_WARN_INT_CONVERSION = YES;
				CLANG_WARN_NON_LITERAL_NULL_CONVERSION = YES;
				CLANG_WARN_OBJC_IMPLICIT_RETAIN_SELF = YES;
				CLANG_WARN_OBJC_LITERAL_CONVERSION = YES;
				CLANG_WARN_OBJC_ROOT_CLASS = YES_ERROR;
				CLANG_WARN_QUOTED_INCLUDE_IN_FRAMEWORK_HEADER = YES;
				CLANG_WARN_RANGE_LOOP_ANALYSIS = YES;
				CLANG_WARN_STRICT_PROTOTYPES = YES;
				CLANG_WARN_SUSPICIOUS_MOVE = YES;
				CLANG_WARN_UNGUARDED_AVAILABILITY = YES_AGGRESSIVE;
				CLANG_WARN_UNREACHABLE_CODE = YES;
				CLANG_WARN__DUPLICATE_METHOD_MATCH = YES;
				COPY_PHASE_STRIP = NO;
				DEBUG_INFORMATION_FORMAT = dwarf;
				ENABLE_STRICT_OBJC_MSGSEND = YES;
				ENABLE_TESTABILITY = YES;
				GCC_C_LANGUAGE_STANDARD = gnu11;
				GCC_DYNAMIC_NO_PIC = NO;
				GCC_NO_COMMON_BLOCKS = YES;
				GCC_OPTIMIZATION_LEVEL = 0;
				GCC_PREPROCESSOR_DEFINITIONS = (
					"DEBUG=1",
					"$(inherited)",
				);
				GCC_WARN_64_TO_32_BIT_CONVERSION = YES;
				GCC_WARN_ABOUT_RETURN_TYPE = YES_ERROR;
				GCC_WARN_UNDECLARED_SELECTOR = YES;
				GCC_WARN_UNINITIALIZED_AUTOS = YES_AGGRESSIVE;
				GCC_WARN_UNUSED_FUNCTION = YES;
				GCC_WARN_UNUSED_VARIABLE = YES;
				IPHONEOS_DEPLOYMENT_TARGET = 13.0;
				MTL_ENABLE_DEBUG_INFO = INCLUDE_SOURCE;
				MTL_FAST_MATH = YES;
				ONLY_ACTIVE_ARCH = YES;
				SDKROOT = iphoneos;
				SWIFT_ACTIVE_COMPILATION_CONDITIONS = DEBUG;
				SWIFT_OPTIMIZATION_LEVEL = "-Onone";
			};
			name = Debug;
		};
		7A2B004D25E2E18700D253BD /* Release */ = {
			isa = XCBuildConfiguration;
			buildSettings = {
				ALWAYS_SEARCH_USER_PATHS = NO;
				CLANG_ANALYZER_NONNULL = YES;
				CLANG_ANALYZER_NUMBER_OBJECT_CONVERSION = YES_AGGRESSIVE;
				CLANG_CXX_LANGUAGE_STANDARD = "gnu++14";
				CLANG_CXX_LIBRARY = "libc++";
				CLANG_ENABLE_MODULES = YES;
				CLANG_ENABLE_OBJC_ARC = YES;
				CLANG_ENABLE_OBJC_WEAK = YES;
				CLANG_WARN_BLOCK_CAPTURE_AUTORELEASING = YES;
				CLANG_WARN_BOOL_CONVERSION = YES;
				CLANG_WARN_COMMA = YES;
				CLANG_WARN_CONSTANT_CONVERSION = YES;
				CLANG_WARN_DEPRECATED_OBJC_IMPLEMENTATIONS = YES;
				CLANG_WARN_DIRECT_OBJC_ISA_USAGE = YES_ERROR;
				CLANG_WARN_DOCUMENTATION_COMMENTS = YES;
				CLANG_WARN_EMPTY_BODY = YES;
				CLANG_WARN_ENUM_CONVERSION = YES;
				CLANG_WARN_INFINITE_RECURSION = YES;
				CLANG_WARN_INT_CONVERSION = YES;
				CLANG_WARN_NON_LITERAL_NULL_CONVERSION = YES;
				CLANG_WARN_OBJC_IMPLICIT_RETAIN_SELF = YES;
				CLANG_WARN_OBJC_LITERAL_CONVERSION = YES;
				CLANG_WARN_OBJC_ROOT_CLASS = YES_ERROR;
				CLANG_WARN_QUOTED_INCLUDE_IN_FRAMEWORK_HEADER = YES;
				CLANG_WARN_RANGE_LOOP_ANALYSIS = YES;
				CLANG_WARN_STRICT_PROTOTYPES = YES;
				CLANG_WARN_SUSPICIOUS_MOVE = YES;
				CLANG_WARN_UNGUARDED_AVAILABILITY = YES_AGGRESSIVE;
				CLANG_WARN_UNREACHABLE_CODE = YES;
				CLANG_WARN__DUPLICATE_METHOD_MATCH = YES;
				COPY_PHASE_STRIP = NO;
				DEBUG_INFORMATION_FORMAT = "dwarf-with-dsym";
				ENABLE_NS_ASSERTIONS = NO;
				ENABLE_STRICT_OBJC_MSGSEND = YES;
				GCC_C_LANGUAGE_STANDARD = gnu11;
				GCC_NO_COMMON_BLOCKS = YES;
				GCC_WARN_64_TO_32_BIT_CONVERSION = YES;
				GCC_WARN_ABOUT_RETURN_TYPE = YES_ERROR;
				GCC_WARN_UNDECLARED_SELECTOR = YES;
				GCC_WARN_UNINITIALIZED_AUTOS = YES_AGGRESSIVE;
				GCC_WARN_UNUSED_FUNCTION = YES;
				GCC_WARN_UNUSED_VARIABLE = YES;
				IPHONEOS_DEPLOYMENT_TARGET = 13.0;
				MTL_ENABLE_DEBUG_INFO = NO;
				MTL_FAST_MATH = YES;
				SDKROOT = iphoneos;
				SWIFT_COMPILATION_MODE = wholemodule;
				SWIFT_OPTIMIZATION_LEVEL = "-O";
				VALIDATE_PRODUCT = YES;
			};
			name = Release;
		};
		7A2B004F25E2E18700D253BD /* Debug */ = {
			isa = XCBuildConfiguration;
			buildSettings = {
				ASSETCATALOG_COMPILER_APPICON_NAME = AppIcon;
				ASSETCATALOG_COMPILER_GLOBAL_ACCENT_COLOR_NAME = AccentColor;
				CODE_SIGN_STYLE = Automatic;
				INFOPLIST_FILE = "The Movie DB/Info.plist";
				LD_RUNPATH_SEARCH_PATHS = (
					"$(inherited)",
					"@executable_path/Frameworks",
				);
				PRODUCT_BUNDLE_IDENTIFIER = "antonhoang.The-Movie-DB";
				PRODUCT_NAME = "$(TARGET_NAME)";
				SWIFT_VERSION = 5.0;
				TARGETED_DEVICE_FAMILY = "1,2";
			};
			name = Debug;
		};
		7A2B005025E2E18700D253BD /* Release */ = {
			isa = XCBuildConfiguration;
			buildSettings = {
				ASSETCATALOG_COMPILER_APPICON_NAME = AppIcon;
				ASSETCATALOG_COMPILER_GLOBAL_ACCENT_COLOR_NAME = AccentColor;
				CODE_SIGN_STYLE = Automatic;
				INFOPLIST_FILE = "The Movie DB/Info.plist";
				LD_RUNPATH_SEARCH_PATHS = (
					"$(inherited)",
					"@executable_path/Frameworks",
				);
				PRODUCT_BUNDLE_IDENTIFIER = "antonhoang.The-Movie-DB";
				PRODUCT_NAME = "$(TARGET_NAME)";
				SWIFT_VERSION = 5.0;
				TARGETED_DEVICE_FAMILY = "1,2";
			};
			name = Release;
		};
/* End XCBuildConfiguration section */

/* Begin XCConfigurationList section */
		7A2B003525E2E18200D253BD /* Build configuration list for PBXProject "The Movie DB" */ = {
			isa = XCConfigurationList;
			buildConfigurations = (
				7A2B004C25E2E18700D253BD /* Debug */,
				7A2B004D25E2E18700D253BD /* Release */,
			);
			defaultConfigurationIsVisible = 0;
			defaultConfigurationName = Release;
		};
		7A2B004E25E2E18700D253BD /* Build configuration list for PBXNativeTarget "The Movie DB" */ = {
			isa = XCConfigurationList;
			buildConfigurations = (
				7A2B004F25E2E18700D253BD /* Debug */,
				7A2B005025E2E18700D253BD /* Release */,
			);
			defaultConfigurationIsVisible = 0;
			defaultConfigurationName = Release;
		};
/* End XCConfigurationList section */
	};
	rootObject = 7A2B003225E2E18200D253BD /* Project object */;
}
